
Microsoft Visual Studio Solution File, Format Version 12.00
# Visual Studio Version 17
VisualStudioVersion = 17.6.33723.286
MinimumVisualStudioVersion = 10.0.40219.1
Project("{FAE04EC0-301F-11D3-BF4B-00C04F79EFBC}") = "EmployeeManagementByCoreWebApiWithRepository", "EmployeeManagementByCoreWebApiWithRepository\EmployeeManagementByCoreWebApiWithRepository.csproj", "{F34ACF3D-494A-4370-8E33-00076E00314D}"
EndProject
Project("{FAE04EC0-301F-11D3-BF4B-00C04F79EFBC}") = "Project.Shared", "Project.Shared\Project.Shared.csproj", "{2DEAA62E-FA6A-4188-9DE0-96A214C417D0}"
EndProject
Global
	GlobalSection(SolutionConfigurationPlatforms) = preSolution
		Debug|Any CPU = Debug|Any CPU
		Release|Any CPU = Release|Any CPU
	EndGlobalSection
	GlobalSection(ProjectConfigurationPlatforms) = postSolution
		{F34ACF3D-494A-4370-8E33-00076E00314D}.Debug|Any CPU.ActiveCfg = Debug|Any CPU
		{F34ACF3D-494A-4370-8E33-00076E00314D}.Debug|Any CPU.Build.0 = Debug|Any CPU
		{F34ACF3D-494A-4370-8E33-00076E00314D}.Release|Any CPU.ActiveCfg = Release|Any CPU
		{F34ACF3D-494A-4370-8E33-00076E00314D}.Release|Any CPU.Build.0 = Release|Any CPU
		{2DEAA62E-FA6A-4188-9DE0-96A214C417D0}.Debug|Any CPU.ActiveCfg = Debug|Any CPU
		{2DEAA62E-FA6A-4188-9DE0-96A214C417D0}.Debug|Any CPU.Build.0 = Debug|Any CPU
		{2DEAA62E-FA6A-4188-9DE0-96A214C417D0}.Release|Any CPU.ActiveCfg = Release|Any CPU
		{2DEAA62E-FA6A-4188-9DE0-96A214C417D0}.Release|Any CPU.Build.0 = Release|Any CPU
	EndGlobalSection
	GlobalSection(SolutionProperties) = preSolution
		HideSolutionNode = FALSE
	EndGlobalSection
	GlobalSection(ExtensibilityGlobals) = postSolution
		SolutionGuid = {340334F2-41FD-4C31-9FB4-53265268A8EF}
	EndGlobalSection
EndGlobal
